
Microsoft Visual Studio Solution File, Format Version 12.00
# Visual Studio Version 16
VisualStudioVersion = 16.0.29519.87
MinimumVisualStudioVersion = 10.0.40219.1
Project("{FAE04EC0-301F-11D3-BF4B-00C04F79EFBC}") = "SOS", "SOS\SOS\SOS.csproj", "{2AB4C8EF-78B5-44BE-BA7F-1B85F4977B8D}"
EndProject
Project("{FAE04EC0-301F-11D3-BF4B-00C04F79EFBC}") = "SOS.Android", "SOS\SOS.Android\SOS.Android.csproj", "{5196837B-B828-413F-8AB3-4E2C0E386068}"
EndProject
Project("{FAE04EC0-301F-11D3-BF4B-00C04F79EFBC}") = "SOS.iOS", "SOS\SOS.iOS\SOS.iOS.csproj", "{F3CC3D8E-70FB-4326-9062-6CD2D2C0D0B2}"
EndProject
Global
	GlobalSection(SolutionConfigurationPlatforms) = preSolution
		Ad-Hoc|Any CPU = Ad-Hoc|Any CPU
		Ad-Hoc|iPhone = Ad-Hoc|iPhone
		Ad-Hoc|iPhoneSimulator = Ad-Hoc|iPhoneSimulator
		AppStore|Any CPU = AppStore|Any CPU
		AppStore|iPhone = AppStore|iPhone
		AppStore|iPhoneSimulator = AppStore|iPhoneSimulator
		Debug|Any CPU = Debug|Any CPU
		Debug|iPhone = Debug|iPhone
		Debug|iPhoneSimulator = Debug|iPhoneSimulator
		Release|Any CPU = Release|Any CPU
		Release|iPhone = Release|iPhone
		Release|iPhoneSimulator = Release|iPhoneSimulator
	EndGlobalSection
	GlobalSection(ProjectConfigurationPlatforms) = postSolution
		{2AB4C8EF-78B5-44BE-BA7F-1B85F4977B8D}.Ad-Hoc|Any CPU.ActiveCfg = Debug|Any CPU
		{2AB4C8EF-78B5-44BE-BA7F-1B85F4977B8D}.Ad-Hoc|Any CPU.Build.0 = Debug|Any CPU
		{2AB4C8EF-78B5-44BE-BA7F-1B85F4977B8D}.Ad-Hoc|iPhone.ActiveCfg = Debug|Any CPU
		{2AB4C8EF-78B5-44BE-BA7F-1B85F4977B8D}.Ad-Hoc|iPhone.Build.0 = Debug|Any CPU
		{2AB4C8EF-78B5-44BE-BA7F-1B85F4977B8D}.Ad-Hoc|iPhoneSimulator.ActiveCfg = Debug|Any CPU
		{2AB4C8EF-78B5-44BE-BA7F-1B85F4977B8D}.Ad-Hoc|iPhoneSimulator.Build.0 = Debug|Any CPU
		{2AB4C8EF-78B5-44BE-BA7F-1B85F4977B8D}.AppStore|Any CPU.ActiveCfg = Debug|Any CPU
		{2AB4C8EF-78B5-44BE-BA7F-1B85F4977B8D}.AppStore|Any CPU.Build.0 = Debug|Any CPU
		{2AB4C8EF-78B5-44BE-BA7F-1B85F4977B8D}.AppStore|iPhone.ActiveCfg = Debug|Any CPU
		{2AB4C8EF-78B5-44BE-BA7F-1B85F4977B8D}.AppStore|iPhone.Build.0 = Debug|Any CPU
		{2AB4C8EF-78B5-44BE-BA7F-1B85F4977B8D}.AppStore|iPhoneSimulator.ActiveCfg = Debug|Any CPU
		{2AB4C8EF-78B5-44BE-BA7F-1B85F4977B8D}.AppStore|iPhoneSimulator.Build.0 = Debug|Any CPU
		{2AB4C8EF-78B5-44BE-BA7F-1B85F4977B8D}.Debug|Any CPU.ActiveCfg = Debug|Any CPU
		{2AB4C8EF-78B5-44BE-BA7F-1B85F4977B8D}.Debug|Any CPU.Build.0 = Debug|Any CPU
		{2AB4C8EF-78B5-44BE-BA7F-1B85F4977B8D}.Debug|iPhone.ActiveCfg = Debug|Any CPU
		{2AB4C8EF-78B5-44BE-BA7F-1B85F4977B8D}.Debug|iPhone.Build.0 = Debug|Any CPU
		{2AB4C8EF-78B5-44BE-BA7F-1B85F4977B8D}.Debug|iPhoneSimulator.ActiveCfg = Debug|Any CPU
		{2AB4C8EF-78B5-44BE-BA7F-1B85F4977B8D}.Debug|iPhoneSimulator.Build.0 = Debug|Any CPU
		{2AB4C8EF-78B5-44BE-BA7F-1B85F4977B8D}.Release|Any CPU.ActiveCfg = Release|Any CPU
		{2AB4C8EF-78B5-44BE-BA7F-1B85F4977B8D}.Release|Any CPU.Build.0 = Release|Any CPU
		{2AB4C8EF-78B5-44BE-BA7F-1B85F4977B8D}.Release|iPhone.ActiveCfg = Release|Any CPU
		{2AB4C8EF-78B5-44BE-BA7F-1B85F4977B8D}.Release|iPhone.Build.0 = Release|Any CPU
		{2AB4C8EF-78B5-44BE-BA7F-1B85F4977B8D}.Release|iPhoneSimulator.ActiveCfg = Release|Any CPU
		{2AB4C8EF-78B5-44BE-BA7F-1B85F4977B8D}.Release|iPhoneSimulator.Build.0 = Release|Any CPU
		{5196837B-B828-413F-8AB3-4E2C0E386068}.Ad-Hoc|Any CPU.ActiveCfg = Release|Any CPU
		{5196837B-B828-413F-8AB3-4E2C0E386068}.Ad-Hoc|Any CPU.Build.0 = Release|Any CPU
		{5196837B-B828-413F-8AB3-4E2C0E386068}.Ad-Hoc|Any CPU.Deploy.0 = Release|Any CPU
		{5196837B-B828-413F-8AB3-4E2C0E386068}.Ad-Hoc|iPhone.ActiveCfg = Release|Any CPU
		{5196837B-B828-413F-8AB3-4E2C0E386068}.Ad-Hoc|iPhone.Build.0 = Release|Any CPU
		{5196837B-B828-413F-8AB3-4E2C0E386068}.Ad-Hoc|iPhone.Deploy.0 = Release|Any CPU
		{5196837B-B828-413F-8AB3-4E2C0E386068}.Ad-Hoc|iPhoneSimulator.ActiveCfg = Release|Any CPU
		{5196837B-B828-413F-8AB3-4E2C0E386068}.Ad-Hoc|iPhoneSimulator.Build.0 = Release|Any CPU
		{5196837B-B828-413F-8AB3-4E2C0E386068}.Ad-Hoc|iPhoneSimulator.Deploy.0 = Release|Any CPU
		{5196837B-B828-413F-8AB3-4E2C0E386068}.AppStore|Any CPU.ActiveCfg = Release|Any CPU
		{5196837B-B828-413F-8AB3-4E2C0E386068}.AppStore|Any CPU.Build.0 = Release|Any CPU
		{5196837B-B828-413F-8AB3-4E2C0E386068}.AppStore|Any CPU.Deploy.0 = Release|Any CPU
		{5196837B-B828-413F-8AB3-4E2C0E386068}.AppStore|iPhone.ActiveCfg = Release|Any CPU
		{5196837B-B828-413F-8AB3-4E2C0E386068}.AppStore|iPhone.Build.0 = Release|Any CPU
		{5196837B-B828-413F-8AB3-4E2C0E386068}.AppStore|iPhone.Deploy.0 = Release|Any CPU
		{5196837B-B828-413F-8AB3-4E2C0E386068}.AppStore|iPhoneSimulator.ActiveCfg = Release|Any CPU
		{5196837B-B828-413F-8AB3-4E2C0E386068}.AppStore|iPhoneSimulator.Build.0 = Release|Any CPU
		{5196837B-B828-413F-8AB3-4E2C0E386068}.AppStore|iPhoneSimulator.Deploy.0 = Release|Any CPU
		{5196837B-B828-413F-8AB3-4E2C0E386068}.Debug|Any CPU.ActiveCfg = Debug|Any CPU
		{5196837B-B828-413F-8AB3-4E2C0E386068}.Debug|Any CPU.Build.0 = Debug|Any CPU
		{5196837B-B828-413F-8AB3-4E2C0E386068}.Debug|Any CPU.Deploy.0 = Debug|Any CPU
		{5196837B-B828-413F-8AB3-4E2C0E386068}.Debug|iPhone.ActiveCfg = Debug|Any CPU
		{5196837B-B828-413F-8AB3-4E2C0E386068}.Debug|iPhone.Build.0 = Debug|Any CPU
		{5196837B-B828-413F-8AB3-4E2C0E386068}.Debug|iPhone.Deploy.0 = Debug|Any CPU
		{5196837B-B828-413F-8AB3-4E2C0E386068}.Debug|iPhoneSimulator.ActiveCfg = Debug|Any CPU
		{5196837B-B828-413F-8AB3-4E2C0E386068}.Debug|iPhoneSimulator.Build.0 = Debug|Any CPU
		{5196837B-B828-413F-8AB3-4E2C0E386068}.Debug|iPhoneSimulator.Deploy.0 = Debug|Any CPU
		{5196837B-B828-413F-8AB3-4E2C0E386068}.Release|Any CPU.ActiveCfg = Release|Any CPU
		{5196837B-B828-413F-8AB3-4E2C0E386068}.Release|Any CPU.Build.0 = Release|Any CPU
		{5196837B-B828-413F-8AB3-4E2C0E386068}.Release|Any CPU.Deploy.0 = Release|Any CPU
		{5196837B-B828-413F-8AB3-4E2C0E386068}.Release|iPhone.ActiveCfg = Release|Any CPU
		{5196837B-B828-413F-8AB3-4E2C0E386068}.Release|iPhone.Build.0 = Release|Any CPU
		{5196837B-B828-413F-8AB3-4E2C0E386068}.Release|iPhone.Deploy.0 = Release|Any CPU
		{5196837B-B828-413F-8AB3-4E2C0E386068}.Release|iPhoneSimulator.ActiveCfg = Release|Any CPU
		{5196837B-B828-413F-8AB3-4E2C0E386068}.Release|iPhoneSimulator.Build.0 = Release|Any CPU
		{5196837B-B828-413F-8AB3-4E2C0E386068}.Release|iPhoneSimulator.Deploy.0 = Release|Any CPU
		{F3CC3D8E-70FB-4326-9062-6CD2D2C0D0B2}.Ad-Hoc|Any CPU.ActiveCfg = Ad-Hoc|iPhone
		{F3CC3D8E-70FB-4326-9062-6CD2D2C0D0B2}.Ad-Hoc|iPhone.ActiveCfg = Ad-Hoc|iPhone
		{F3CC3D8E-70FB-4326-9062-6CD2D2C0D0B2}.Ad-Hoc|iPhone.Build.0 = Ad-Hoc|iPhone
		{F3CC3D8E-70FB-4326-9062-6CD2D2C0D0B2}.Ad-Hoc|iPhoneSimulator.ActiveCfg = Ad-Hoc|iPhoneSimulator
		{F3CC3D8E-70FB-4326-9062-6CD2D2C0D0B2}.Ad-Hoc|iPhoneSimulator.Build.0 = Ad-Hoc|iPhoneSimulator
		{F3CC3D8E-70FB-4326-9062-6CD2D2C0D0B2}.AppStore|Any CPU.ActiveCfg = AppStore|iPhone
		{F3CC3D8E-70FB-4326-9062-6CD2D2C0D0B2}.AppStore|iPhone.ActiveCfg = AppStore|iPhone
		{F3CC3D8E-70FB-4326-9062-6CD2D2C0D0B2}.AppStore|iPhone.Build.0 = AppStore|iPhone
		{F3CC3D8E-70FB-4326-9062-6CD2D2C0D0B2}.AppStore|iPhoneSimulator.ActiveCfg = AppStore|iPhoneSimulator
		{F3CC3D8E-70FB-4326-9062-6CD2D2C0D0B2}.AppStore|iPhoneSimulator.Build.0 = AppStore|iPhoneSimulator
		{F3CC3D8E-70FB-4326-9062-6CD2D2C0D0B2}.Debug|Any CPU.ActiveCfg = Debug|iPhone
		{F3CC3D8E-70FB-4326-9062-6CD2D2C0D0B2}.Debug|iPhone.ActiveCfg = Debug|iPhone
		{F3CC3D8E-70FB-4326-9062-6CD2D2C0D0B2}.Debug|iPhone.Build.0 = Debug|iPhone
		{F3CC3D8E-70FB-4326-9062-6CD2D2C0D0B2}.Debug|iPhoneSimulator.ActiveCfg = Debug|iPhoneSimulator
		{F3CC3D8E-70FB-4326-9062-6CD2D2C0D0B2}.Debug|iPhoneSimulator.Build.0 = Debug|iPhoneSimulator
		{F3CC3D8E-70FB-4326-9062-6CD2D2C0D0B2}.Release|Any CPU.ActiveCfg = Release|iPhone
		{F3CC3D8E-70FB-4326-9062-6CD2D2C0D0B2}.Release|iPhone.ActiveCfg = Release|iPhone
		{F3CC3D8E-70FB-4326-9062-6CD2D2C0D0B2}.Release|iPhone.Build.0 = Release|iPhone
		{F3CC3D8E-70FB-4326-9062-6CD2D2C0D0B2}.Release|iPhoneSimulator.ActiveCfg = Release|iPhoneSimulator
		{F3CC3D8E-70FB-4326-9062-6CD2D2C0D0B2}.Release|iPhoneSimulator.Build.0 = Release|iPhoneSimulator
	EndGlobalSection
	GlobalSection(SolutionProperties) = preSolution
		HideSolutionNode = FALSE
	EndGlobalSection
	GlobalSection(ExtensibilityGlobals) = postSolution
		SolutionGuid = {73071B90-87EE-4F92-BD3B-330EBEDE1B7E}
	EndGlobalSection
EndGlobal
